
Microsoft Visual Studio Solution File, Format Version 12.00
# Visual Studio Version 17
VisualStudioVersion = 17.0.31912.275
MinimumVisualStudioVersion = 10.0.40219.1
Project("{FAE04EC0-301F-11D3-BF4B-00C04F79EFBC}") = "SoccerFieldBooking.Domain", "SoccerFieldBooking.Domain\SoccerFieldBooking.Domain.csproj", "{9DFA6724-3478-4EEC-BD6F-D30065BF88A1}"
EndProject
Project("{FAE04EC0-301F-11D3-BF4B-00C04F79EFBC}") = "SoccerFieldBooking.Infrastructure", "SoccerFieldBooking.Infrastructure\SoccerFieldBooking.Infrastructure.csproj", "{32151F06-93F5-45C5-AEB1-5E484E26F663}"
EndProject
Global
	GlobalSection(SolutionConfigurationPlatforms) = preSolution
		Debug|Any CPU = Debug|Any CPU
		Release|Any CPU = Release|Any CPU
	EndGlobalSection
	GlobalSection(ProjectConfigurationPlatforms) = postSolution
		{9DFA6724-3478-4EEC-BD6F-D30065BF88A1}.Debug|Any CPU.ActiveCfg = Debug|Any CPU
		{9DFA6724-3478-4EEC-BD6F-D30065BF88A1}.Debug|Any CPU.Build.0 = Debug|Any CPU
		{9DFA6724-3478-4EEC-BD6F-D30065BF88A1}.Release|Any CPU.ActiveCfg = Release|Any CPU
		{9DFA6724-3478-4EEC-BD6F-D30065BF88A1}.Release|Any CPU.Build.0 = Release|Any CPU
		{32151F06-93F5-45C5-AEB1-5E484E26F663}.Debug|Any CPU.ActiveCfg = Debug|Any CPU
		{32151F06-93F5-45C5-AEB1-5E484E26F663}.Debug|Any CPU.Build.0 = Debug|Any CPU
		{32151F06-93F5-45C5-AEB1-5E484E26F663}.Release|Any CPU.ActiveCfg = Release|Any CPU
		{32151F06-93F5-45C5-AEB1-5E484E26F663}.Release|Any CPU.Build.0 = Release|Any CPU
	EndGlobalSection
	GlobalSection(SolutionProperties) = preSolution
		HideSolutionNode = FALSE
	EndGlobalSection
	GlobalSection(ExtensibilityGlobals) = postSolution
		SolutionGuid = {465E9E9C-0F64-4EFB-AE55-CE91A7E93CE0}
	EndGlobalSection
EndGlobal
